
Microsoft Visual Studio Solution File, Format Version 12.00
# Visual Studio 15
VisualStudioVersion = 15.0.27428.2015
MinimumVisualStudioVersion = 10.0.40219.1
Project("{FAE04EC0-301F-11D3-BF4B-00C04F79EFBC}") = "Araye.Code.Core", "Araye.Code.Core\Araye.Code.Core.csproj", "{8F32127A-6AE6-40A4-8D26-974A4A95EC59}"
EndProject
Global
	GlobalSection(SolutionConfigurationPlatforms) = preSolution
		Debug|Any CPU = Debug|Any CPU
		Release|Any CPU = Release|Any CPU
	EndGlobalSection
	GlobalSection(ProjectConfigurationPlatforms) = postSolution
		{8F32127A-6AE6-40A4-8D26-974A4A95EC59}.Debug|Any CPU.ActiveCfg = Debug|Any CPU
		{8F32127A-6AE6-40A4-8D26-974A4A95EC59}.Debug|Any CPU.Build.0 = Debug|Any CPU
		{8F32127A-6AE6-40A4-8D26-974A4A95EC59}.Release|Any CPU.ActiveCfg = Release|Any CPU
		{8F32127A-6AE6-40A4-8D26-974A4A95EC59}.Release|Any CPU.Build.0 = Release|Any CPU
	EndGlobalSection
	GlobalSection(SolutionProperties) = preSolution
		HideSolutionNode = FALSE
	EndGlobalSection
	GlobalSection(ExtensibilityGlobals) = postSolution
		SolutionGuid = {E218D236-A471-4D63-BE1F-23A261C48B29}
	EndGlobalSection
EndGlobal
